
Microsoft Visual Studio Solution File, Format Version 12.00
# Visual Studio Version 16
VisualStudioVersion = 16.0.29905.134
MinimumVisualStudioVersion = 10.0.40219.1
Project("{FAE04EC0-301F-11D3-BF4B-00C04F79EFBC}") = "CustomCommands", "CustomCommands\CustomCommands.csproj", "{341A5409-363C-4AF2-AB1E-14457BDAB69E}"
EndProject
Global
	GlobalSection(SolutionConfigurationPlatforms) = preSolution
		Debug|Any CPU = Debug|Any CPU
		Release|Any CPU = Release|Any CPU
	EndGlobalSection
	GlobalSection(ProjectConfigurationPlatforms) = postSolution
		{341A5409-363C-4AF2-AB1E-14457BDAB69E}.Debug|Any CPU.ActiveCfg = Debug|Any CPU
		{341A5409-363C-4AF2-AB1E-14457BDAB69E}.Debug|Any CPU.Build.0 = Debug|Any CPU
		{341A5409-363C-4AF2-AB1E-14457BDAB69E}.Release|Any CPU.ActiveCfg = Release|Any CPU
		{341A5409-363C-4AF2-AB1E-14457BDAB69E}.Release|Any CPU.Build.0 = Release|Any CPU
	EndGlobalSection
	GlobalSection(SolutionProperties) = preSolution
		HideSolutionNode = FALSE
	EndGlobalSection
	GlobalSection(ExtensibilityGlobals) = postSolution
		SolutionGuid = {4FEC9A81-D436-4A85-8A57-5E9E47A7DF76}
	EndGlobalSection
EndGlobal
